// !$*UTF8*$!
{
	archiveVersion = 1;
	classes = {
	};
	objectVersion = 55;
	objects = {

/* Begin PBXBuildFile section */
		5D1411CC28A7F50F00B6339B /* MenuView.swift in Sources */ = {isa = PBXBuildFile; fileRef = 5D1411CB28A7F50F00B6339B /* MenuView.swift */; };
		5D1411D028A7F53000B6339B /* LeaderboardView.swift in Sources */ = {isa = PBXBuildFile; fileRef = 5D1411CF28A7F53000B6339B /* LeaderboardView.swift */; };
		5D1411D228A7F53F00B6339B /* HowToPlayView.swift in Sources */ = {isa = PBXBuildFile; fileRef = 5D1411D128A7F53F00B6339B /* HowToPlayView.swift */; };
		5D1411D428A7F58700B6339B /* GameView.swift in Sources */ = {isa = PBXBuildFile; fileRef = 5D1411D328A7F58700B6339B /* GameView.swift */; };
		5D1411D628A7F67000B6339B /* SettingsView.swift in Sources */ = {isa = PBXBuildFile; fileRef = 5D1411D528A7F67000B6339B /* SettingsView.swift */; };
		5D1411D828A7F68000B6339B /* RosterView.swift in Sources */ = {isa = PBXBuildFile; fileRef = 5D1411D728A7F68000B6339B /* RosterView.swift */; };
		5D205BDF28A956D9007C5E26 /* ShopView.swift in Sources */ = {isa = PBXBuildFile; fileRef = 5D205BDE28A956D9007C5E26 /* ShopView.swift */; };
		5D56520628B08E5B007FDD69 /* SparkItemView.swift in Sources */ = {isa = PBXBuildFile; fileRef = 5D56520528B08E5B007FDD69 /* SparkItemView.swift */; };
		5D5C093E28A7C3C800E132EA /* ArknightsGachaSimApp.swift in Sources */ = {isa = PBXBuildFile; fileRef = 5D5C093D28A7C3C800E132EA /* ArknightsGachaSimApp.swift */; };
		5D5C094028A7C3C800E132EA /* ContentView.swift in Sources */ = {isa = PBXBuildFile; fileRef = 5D5C093F28A7C3C800E132EA /* ContentView.swift */; };
		5D5C094228A7C3CA00E132EA /* Assets.xcassets in Resources */ = {isa = PBXBuildFile; fileRef = 5D5C094128A7C3CA00E132EA /* Assets.xcassets */; };
		5D5C094528A7C3CA00E132EA /* Preview Assets.xcassets in Resources */ = {isa = PBXBuildFile; fileRef = 5D5C094428A7C3CA00E132EA /* Preview Assets.xcassets */; };
		5D8D3C0B28ABC8B30000C271 /* HeadhuntingGame.swift in Sources */ = {isa = PBXBuildFile; fileRef = 5D8D3C0A28ABC8B30000C271 /* HeadhuntingGame.swift */; };
		5D8D3C0F28ABCCCE0000C271 /* AKHeadhuntingGame.swift in Sources */ = {isa = PBXBuildFile; fileRef = 5D8D3C0E28ABCCCE0000C271 /* AKHeadhuntingGame.swift */; };
		5D8D3C1128AC02060000C271 /* RosterCardView.swift in Sources */ = {isa = PBXBuildFile; fileRef = 5D8D3C1028AC02060000C271 /* RosterCardView.swift */; };
		5D98525628B0F8A8008BA109 /* NumberDisplayView.swift in Sources */ = {isa = PBXBuildFile; fileRef = 5D98525528B0F8A8008BA109 /* NumberDisplayView.swift */; };
		5D98525B28B11836008BA109 /* Modifiers.swift in Sources */ = {isa = PBXBuildFile; fileRef = 5D98525A28B11836008BA109 /* Modifiers.swift */; };
		5D9E7D4328A8BD53003281F3 /* LimitedSixStarPool.json in Resources */ = {isa = PBXBuildFile; fileRef = 5D9E7D4228A8BD53003281F3 /* LimitedSixStarPool.json */; };
		5DA1929928AF65400091E7AE /* ResultView.swift in Sources */ = {isa = PBXBuildFile; fileRef = 5DA1929828AF65400091E7AE /* ResultView.swift */; };
		5DA1929B28AF96E70091E7AE /* ShopItemView.swift in Sources */ = {isa = PBXBuildFile; fileRef = 5DA1929A28AF96E70091E7AE /* ShopItemView.swift */; };
		5DC6254F28AE6957003B363D /* GameSetupView.swift in Sources */ = {isa = PBXBuildFile; fileRef = 5DC6254E28AE6957003B363D /* GameSetupView.swift */; };
		5DC6255128AEAB1A003B363D /* HiddenGachaResultView.swift in Sources */ = {isa = PBXBuildFile; fileRef = 5DC6255028AEAB1A003B363D /* HiddenGachaResultView.swift */; };
		5DD3738528A80E8200F09C96 /* FourStarPool.json in Resources */ = {isa = PBXBuildFile; fileRef = 5DD3738128A80E8200F09C96 /* FourStarPool.json */; };
		5DD3738628A80E8200F09C96 /* FiveStarPool.json in Resources */ = {isa = PBXBuildFile; fileRef = 5DD3738228A80E8200F09C96 /* FiveStarPool.json */; };
		5DD3738728A80E8200F09C96 /* ThreeStarPool.json in Resources */ = {isa = PBXBuildFile; fileRef = 5DD3738328A80E8200F09C96 /* ThreeStarPool.json */; };
		5DD3738828A80E8200F09C96 /* SixStarPool.json in Resources */ = {isa = PBXBuildFile; fileRef = 5DD3738428A80E8200F09C96 /* SixStarPool.json */; };
		5DD3738A28A8132D00F09C96 /* Operator.swift in Sources */ = {isa = PBXBuildFile; fileRef = 5DD3738928A8132D00F09C96 /* Operator.swift */; };
		5DD3738C28A8133D00F09C96 /* OperatorModel.swift in Sources */ = {isa = PBXBuildFile; fileRef = 5DD3738B28A8133D00F09C96 /* OperatorModel.swift */; };
		5DD3738E28A8142F00F09C96 /* GachaResultView.swift in Sources */ = {isa = PBXBuildFile; fileRef = 5DD3738D28A8142F00F09C96 /* GachaResultView.swift */; };
/* End PBXBuildFile section */

/* Begin PBXFileReference section */
		5D1411CB28A7F50F00B6339B /* MenuView.swift */ = {isa = PBXFileReference; lastKnownFileType = sourcecode.swift; path = MenuView.swift; sourceTree = "<group>"; };
		5D1411CF28A7F53000B6339B /* LeaderboardView.swift */ = {isa = PBXFileReference; lastKnownFileType = sourcecode.swift; path = LeaderboardView.swift; sourceTree = "<group>"; };
		5D1411D128A7F53F00B6339B /* HowToPlayView.swift */ = {isa = PBXFileReference; lastKnownFileType = sourcecode.swift; path = HowToPlayView.swift; sourceTree = "<group>"; };
		5D1411D328A7F58700B6339B /* GameView.swift */ = {isa = PBXFileReference; lastKnownFileType = sourcecode.swift; path = GameView.swift; sourceTree = "<group>"; };
		5D1411D528A7F67000B6339B /* SettingsView.swift */ = {isa = PBXFileReference; lastKnownFileType = sourcecode.swift; path = SettingsView.swift; sourceTree = "<group>"; };
		5D1411D728A7F68000B6339B /* RosterView.swift */ = {isa = PBXFileReference; lastKnownFileType = sourcecode.swift; path = RosterView.swift; sourceTree = "<group>"; };
		5D205BDE28A956D9007C5E26 /* ShopView.swift */ = {isa = PBXFileReference; lastKnownFileType = sourcecode.swift; path = ShopView.swift; sourceTree = "<group>"; };
		5D56520528B08E5B007FDD69 /* SparkItemView.swift */ = {isa = PBXFileReference; lastKnownFileType = sourcecode.swift; path = SparkItemView.swift; sourceTree = "<group>"; };
		5D5C093A28A7C3C800E132EA /* ArknightsGachaSim.app */ = {isa = PBXFileReference; explicitFileType = wrapper.application; includeInIndex = 0; path = ArknightsGachaSim.app; sourceTree = BUILT_PRODUCTS_DIR; };
		5D5C093D28A7C3C800E132EA /* ArknightsGachaSimApp.swift */ = {isa = PBXFileReference; lastKnownFileType = sourcecode.swift; path = ArknightsGachaSimApp.swift; sourceTree = "<group>"; };
		5D5C093F28A7C3C800E132EA /* ContentView.swift */ = {isa = PBXFileReference; lastKnownFileType = sourcecode.swift; path = ContentView.swift; sourceTree = "<group>"; };
		5D5C094128A7C3CA00E132EA /* Assets.xcassets */ = {isa = PBXFileReference; lastKnownFileType = folder.assetcatalog; path = Assets.xcassets; sourceTree = "<group>"; };
		5D5C094428A7C3CA00E132EA /* Preview Assets.xcassets */ = {isa = PBXFileReference; lastKnownFileType = folder.assetcatalog; path = "Preview Assets.xcassets"; sourceTree = "<group>"; };
		5D8D3C0A28ABC8B30000C271 /* HeadhuntingGame.swift */ = {isa = PBXFileReference; lastKnownFileType = sourcecode.swift; path = HeadhuntingGame.swift; sourceTree = "<group>"; };
		5D8D3C0E28ABCCCE0000C271 /* AKHeadhuntingGame.swift */ = {isa = PBXFileReference; lastKnownFileType = sourcecode.swift; path = AKHeadhuntingGame.swift; sourceTree = "<group>"; };
		5D8D3C1028AC02060000C271 /* RosterCardView.swift */ = {isa = PBXFileReference; lastKnownFileType = sourcecode.swift; path = RosterCardView.swift; sourceTree = "<group>"; };
		5D98525528B0F8A8008BA109 /* NumberDisplayView.swift */ = {isa = PBXFileReference; lastKnownFileType = sourcecode.swift; path = NumberDisplayView.swift; sourceTree = "<group>"; };
		5D98525A28B11836008BA109 /* Modifiers.swift */ = {isa = PBXFileReference; lastKnownFileType = sourcecode.swift; path = Modifiers.swift; sourceTree = "<group>"; };
		5D9E7D4228A8BD53003281F3 /* LimitedSixStarPool.json */ = {isa = PBXFileReference; fileEncoding = 4; lastKnownFileType = text.json; name = LimitedSixStarPool.json; path = ../../../../../../Downloads/LimitedSixStarPool.json; sourceTree = "<group>"; };
		5DA1929828AF65400091E7AE /* ResultView.swift */ = {isa = PBXFileReference; lastKnownFileType = sourcecode.swift; path = ResultView.swift; sourceTree = "<group>"; };
		5DA1929A28AF96E70091E7AE /* ShopItemView.swift */ = {isa = PBXFileReference; lastKnownFileType = sourcecode.swift; path = ShopItemView.swift; sourceTree = "<group>"; };
		5DC6254E28AE6957003B363D /* GameSetupView.swift */ = {isa = PBXFileReference; lastKnownFileType = sourcecode.swift; path = GameSetupView.swift; sourceTree = "<group>"; };
		5DC6255028AEAB1A003B363D /* HiddenGachaResultView.swift */ = {isa = PBXFileReference; lastKnownFileType = sourcecode.swift; path = HiddenGachaResultView.swift; sourceTree = "<group>"; };
		5DD3738128A80E8200F09C96 /* FourStarPool.json */ = {isa = PBXFileReference; fileEncoding = 4; lastKnownFileType = text.json; name = FourStarPool.json; path = ../../../../../../Downloads/FourStarPool.json; sourceTree = "<group>"; };
		5DD3738228A80E8200F09C96 /* FiveStarPool.json */ = {isa = PBXFileReference; fileEncoding = 4; lastKnownFileType = text.json; name = FiveStarPool.json; path = ../../../../../../Downloads/FiveStarPool.json; sourceTree = "<group>"; };
		5DD3738328A80E8200F09C96 /* ThreeStarPool.json */ = {isa = PBXFileReference; fileEncoding = 4; lastKnownFileType = text.json; name = ThreeStarPool.json; path = ../../../../../../Downloads/ThreeStarPool.json; sourceTree = "<group>"; };
		5DD3738428A80E8200F09C96 /* SixStarPool.json */ = {isa = PBXFileReference; fileEncoding = 4; lastKnownFileType = text.json; name = SixStarPool.json; path = ../../../../../../Downloads/SixStarPool.json; sourceTree = "<group>"; };
		5DD3738928A8132D00F09C96 /* Operator.swift */ = {isa = PBXFileReference; lastKnownFileType = sourcecode.swift; path = Operator.swift; sourceTree = "<group>"; };
		5DD3738B28A8133D00F09C96 /* OperatorModel.swift */ = {isa = PBXFileReference; lastKnownFileType = sourcecode.swift; path = OperatorModel.swift; sourceTree = "<group>"; };
		5DD3738D28A8142F00F09C96 /* GachaResultView.swift */ = {isa = PBXFileReference; lastKnownFileType = sourcecode.swift; path = GachaResultView.swift; sourceTree = "<group>"; };
/* End PBXFileReference section */

/* Begin PBXFrameworksBuildPhase section */
		5D5C093728A7C3C800E132EA /* Frameworks */ = {
			isa = PBXFrameworksBuildPhase;
			buildActionMask = 2147483647;
			files = (
			);
			runOnlyForDeploymentPostprocessing = 0;
		};
/* End PBXFrameworksBuildPhase section */

/* Begin PBXGroup section */
		5D56520728B0C712007FDD69 /* Sounds */ = {
			isa = PBXGroup;
			children = (
			);
			path = Sounds;
			sourceTree = "<group>";
		};
		5D5C093128A7C3C800E132EA = {
			isa = PBXGroup;
			children = (
				5D5C093C28A7C3C800E132EA /* ArknightsGachaSim */,
				5D5C093B28A7C3C800E132EA /* Products */,
			);
			sourceTree = "<group>";
		};
		5D5C093B28A7C3C800E132EA /* Products */ = {
			isa = PBXGroup;
			children = (
				5D5C093A28A7C3C800E132EA /* ArknightsGachaSim.app */,
			);
			name = Products;
			sourceTree = "<group>";
		};
		5D5C093C28A7C3C800E132EA /* ArknightsGachaSim */ = {
			isa = PBXGroup;
			children = (
				5D5C093D28A7C3C800E132EA /* ArknightsGachaSimApp.swift */,
				5DA1929728AF56DB0091E7AE /* Helpers */,
				5D5C094C28A7C3EE00E132EA /* Model */,
				5D98525728B0F8B1008BA109 /* Components */,
				5D5C094B28A7C3E400E132EA /* View */,
				5D56520728B0C712007FDD69 /* Sounds */,
				5D5C094128A7C3CA00E132EA /* Assets.xcassets */,
				5D5C094328A7C3CA00E132EA /* Preview Content */,
			);
			path = ArknightsGachaSim;
			sourceTree = "<group>";
		};
		5D5C094328A7C3CA00E132EA /* Preview Content */ = {
			isa = PBXGroup;
			children = (
				5D5C094428A7C3CA00E132EA /* Preview Assets.xcassets */,
			);
			path = "Preview Content";
			sourceTree = "<group>";
		};
		5D5C094B28A7C3E400E132EA /* View */ = {
			isa = PBXGroup;
			children = (
				5D5C093F28A7C3C800E132EA /* ContentView.swift */,
				5D1411CB28A7F50F00B6339B /* MenuView.swift */,
				5D1411CF28A7F53000B6339B /* LeaderboardView.swift */,
				5D1411D128A7F53F00B6339B /* HowToPlayView.swift */,
				5D1411D328A7F58700B6339B /* GameView.swift */,
				5D1411D528A7F67000B6339B /* SettingsView.swift */,
				5D1411D728A7F68000B6339B /* RosterView.swift */,
				5D205BDE28A956D9007C5E26 /* ShopView.swift */,
				5DC6254E28AE6957003B363D /* GameSetupView.swift */,
				5DA1929828AF65400091E7AE /* ResultView.swift */,
			);
			path = View;
			sourceTree = "<group>";
		};
		5D5C094C28A7C3EE00E132EA /* Model */ = {
			isa = PBXGroup;
			children = (
				5D9E7D4228A8BD53003281F3 /* LimitedSixStarPool.json */,
				5DD3738228A80E8200F09C96 /* FiveStarPool.json */,
				5DD3738128A80E8200F09C96 /* FourStarPool.json */,
				5DD3738428A80E8200F09C96 /* SixStarPool.json */,
				5DD3738328A80E8200F09C96 /* ThreeStarPool.json */,
				5DD3738928A8132D00F09C96 /* Operator.swift */,
				5DD3738B28A8133D00F09C96 /* OperatorModel.swift */,
				5D8D3C0A28ABC8B30000C271 /* HeadhuntingGame.swift */,
				5D8D3C0E28ABCCCE0000C271 /* AKHeadhuntingGame.swift */,
			);
			path = Model;
			sourceTree = "<group>";
		};
		5D98525728B0F8B1008BA109 /* Components */ = {
			isa = PBXGroup;
			children = (
				5DA1929A28AF96E70091E7AE /* ShopItemView.swift */,
				5DC6255028AEAB1A003B363D /* HiddenGachaResultView.swift */,
				5D56520528B08E5B007FDD69 /* SparkItemView.swift */,
				5D98525528B0F8A8008BA109 /* NumberDisplayView.swift */,
				5DD3738D28A8142F00F09C96 /* GachaResultView.swift */,
				5D8D3C1028AC02060000C271 /* RosterCardView.swift */,
			);
			path = Components;
			sourceTree = "<group>";
		};
		5DA1929728AF56DB0091E7AE /* Helpers */ = {
			isa = PBXGroup;
			children = (
				5D98525A28B11836008BA109 /* Modifiers.swift */,
			);
			path = Helpers;
			sourceTree = "<group>";
		};
/* End PBXGroup section */

/* Begin PBXNativeTarget section */
		5D5C093928A7C3C800E132EA /* ArknightsGachaSim */ = {
			isa = PBXNativeTarget;
			buildConfigurationList = 5D5C094828A7C3CA00E132EA /* Build configuration list for PBXNativeTarget "ArknightsGachaSim" */;
			buildPhases = (
				5D5C093628A7C3C800E132EA /* Sources */,
				5D5C093728A7C3C800E132EA /* Frameworks */,
				5D5C093828A7C3C800E132EA /* Resources */,
			);
			buildRules = (
			);
			dependencies = (
			);
			name = ArknightsGachaSim;
			productName = ArknightsGachaSim;
			productReference = 5D5C093A28A7C3C800E132EA /* ArknightsGachaSim.app */;
			productType = "com.apple.product-type.application";
		};
/* End PBXNativeTarget section */

/* Begin PBXProject section */
		5D5C093228A7C3C800E132EA /* Project object */ = {
			isa = PBXProject;
			attributes = {
				BuildIndependentTargetsInParallel = 1;
				LastSwiftUpdateCheck = 1340;
				LastUpgradeCheck = 1340;
				TargetAttributes = {
					5D5C093928A7C3C800E132EA = {
						CreatedOnToolsVersion = 13.4.1;
					};
				};
			};
			buildConfigurationList = 5D5C093528A7C3C800E132EA /* Build configuration list for PBXProject "ArknightsGachaSim" */;
			compatibilityVersion = "Xcode 13.0";
			developmentRegion = en;
			hasScannedForEncodings = 0;
			knownRegions = (
				en,
				Base,
			);
			mainGroup = 5D5C093128A7C3C800E132EA;
			productRefGroup = 5D5C093B28A7C3C800E132EA /* Products */;
			projectDirPath = "";
			projectRoot = "";
			targets = (
				5D5C093928A7C3C800E132EA /* ArknightsGachaSim */,
			);
		};
/* End PBXProject section */

/* Begin PBXResourcesBuildPhase section */
		5D5C093828A7C3C800E132EA /* Resources */ = {
			isa = PBXResourcesBuildPhase;
			buildActionMask = 2147483647;
			files = (
				5DD3738828A80E8200F09C96 /* SixStarPool.json in Resources */,
				5D5C094528A7C3CA00E132EA /* Preview Assets.xcassets in Resources */,
				5D9E7D4328A8BD53003281F3 /* LimitedSixStarPool.json in Resources */,
				5D5C094228A7C3CA00E132EA /* Assets.xcassets in Resources */,
				5DD3738728A80E8200F09C96 /* ThreeStarPool.json in Resources */,
				5DD3738528A80E8200F09C96 /* FourStarPool.json in Resources */,
				5DD3738628A80E8200F09C96 /* FiveStarPool.json in Resources */,
			);
			runOnlyForDeploymentPostprocessing = 0;
		};
/* End PBXResourcesBuildPhase section */

/* Begin PBXSourcesBuildPhase section */
		5D5C093628A7C3C800E132EA /* Sources */ = {
			isa = PBXSourcesBuildPhase;
			buildActionMask = 2147483647;
			files = (
				5D1411D228A7F53F00B6339B /* HowToPlayView.swift in Sources */,
				5D8D3C0F28ABCCCE0000C271 /* AKHeadhuntingGame.swift in Sources */,
				5DD3738E28A8142F00F09C96 /* GachaResultView.swift in Sources */,
				5D8D3C1128AC02060000C271 /* RosterCardView.swift in Sources */,
				5D205BDF28A956D9007C5E26 /* ShopView.swift in Sources */,
				5D98525628B0F8A8008BA109 /* NumberDisplayView.swift in Sources */,
				5DD3738A28A8132D00F09C96 /* Operator.swift in Sources */,
				5D1411D628A7F67000B6339B /* SettingsView.swift in Sources */,
				5D1411D028A7F53000B6339B /* LeaderboardView.swift in Sources */,
				5DD3738C28A8133D00F09C96 /* OperatorModel.swift in Sources */,
				5DA1929B28AF96E70091E7AE /* ShopItemView.swift in Sources */,
				5DC6254F28AE6957003B363D /* GameSetupView.swift in Sources */,
				5D98525B28B11836008BA109 /* Modifiers.swift in Sources */,
				5D8D3C0B28ABC8B30000C271 /* HeadhuntingGame.swift in Sources */,
				5DA1929928AF65400091E7AE /* ResultView.swift in Sources */,
				5D56520628B08E5B007FDD69 /* SparkItemView.swift in Sources */,
				5D1411D828A7F68000B6339B /* RosterView.swift in Sources */,
				5D5C094028A7C3C800E132EA /* ContentView.swift in Sources */,
				5D1411CC28A7F50F00B6339B /* MenuView.swift in Sources */,
				5D5C093E28A7C3C800E132EA /* ArknightsGachaSimApp.swift in Sources */,
				5DC6255128AEAB1A003B363D /* HiddenGachaResultView.swift in Sources */,
				5D1411D428A7F58700B6339B /* GameView.swift in Sources */,
			);
			runOnlyForDeploymentPostprocessing = 0;
		};
/* End PBXSourcesBuildPhase section */

/* Begin XCBuildConfiguration section */
		5D5C094628A7C3CA00E132EA /* Debug */ = {
			isa = XCBuildConfiguration;
			buildSettings = {
				ALWAYS_SEARCH_USER_PATHS = NO;
				CLANG_ANALYZER_NONNULL = YES;
				CLANG_ANALYZER_NUMBER_OBJECT_CONVERSION = YES_AGGRESSIVE;
				CLANG_CXX_LANGUAGE_STANDARD = "gnu++17";
				CLANG_ENABLE_MODULES = YES;
				CLANG_ENABLE_OBJC_ARC = YES;
				CLANG_ENABLE_OBJC_WEAK = YES;
				CLANG_WARN_BLOCK_CAPTURE_AUTORELEASING = YES;
				CLANG_WARN_BOOL_CONVERSION = YES;
				CLANG_WARN_COMMA = YES;
				CLANG_WARN_CONSTANT_CONVERSION = YES;
				CLANG_WARN_DEPRECATED_OBJC_IMPLEMENTATIONS = YES;
				CLANG_WARN_DIRECT_OBJC_ISA_USAGE = YES_ERROR;
				CLANG_WARN_DOCUMENTATION_COMMENTS = YES;
				CLANG_WARN_EMPTY_BODY = YES;
				CLANG_WARN_ENUM_CONVERSION = YES;
				CLANG_WARN_INFINITE_RECURSION = YES;
				CLANG_WARN_INT_CONVERSION = YES;
				CLANG_WARN_NON_LITERAL_NULL_CONVERSION = YES;
				CLANG_WARN_OBJC_IMPLICIT_RETAIN_SELF = YES;
				CLANG_WARN_OBJC_LITERAL_CONVERSION = YES;
				CLANG_WARN_OBJC_ROOT_CLASS = YES_ERROR;
				CLANG_WARN_QUOTED_INCLUDE_IN_FRAMEWORK_HEADER = YES;
				CLANG_WARN_RANGE_LOOP_ANALYSIS = YES;
				CLANG_WARN_STRICT_PROTOTYPES = YES;
				CLANG_WARN_SUSPICIOUS_MOVE = YES;
				CLANG_WARN_UNGUARDED_AVAILABILITY = YES_AGGRESSIVE;
				CLANG_WARN_UNREACHABLE_CODE = YES;
				CLANG_WARN__DUPLICATE_METHOD_MATCH = YES;
				COPY_PHASE_STRIP = NO;
				DEBUG_INFORMATION_FORMAT = dwarf;
				ENABLE_STRICT_OBJC_MSGSEND = YES;
				ENABLE_TESTABILITY = YES;
				GCC_C_LANGUAGE_STANDARD = gnu11;
				GCC_DYNAMIC_NO_PIC = NO;
				GCC_NO_COMMON_BLOCKS = YES;
				GCC_OPTIMIZATION_LEVEL = 0;
				GCC_PREPROCESSOR_DEFINITIONS = (
					"DEBUG=1",
					"$(inherited)",
				);
				GCC_WARN_64_TO_32_BIT_CONVERSION = YES;
				GCC_WARN_ABOUT_RETURN_TYPE = YES_ERROR;
				GCC_WARN_UNDECLARED_SELECTOR = YES;
				GCC_WARN_UNINITIALIZED_AUTOS = YES_AGGRESSIVE;
				GCC_WARN_UNUSED_FUNCTION = YES;
				GCC_WARN_UNUSED_VARIABLE = YES;
				IPHONEOS_DEPLOYMENT_TARGET = 15.5;
				MTL_ENABLE_DEBUG_INFO = INCLUDE_SOURCE;
				MTL_FAST_MATH = YES;
				ONLY_ACTIVE_ARCH = YES;
				SDKROOT = iphoneos;
				SWIFT_ACTIVE_COMPILATION_CONDITIONS = DEBUG;
				SWIFT_OPTIMIZATION_LEVEL = "-Onone";
			};
			name = Debug;
		};
		5D5C094728A7C3CA00E132EA /* Release */ = {
			isa = XCBuildConfiguration;
			buildSettings = {
				ALWAYS_SEARCH_USER_PATHS = NO;
				CLANG_ANALYZER_NONNULL = YES;
				CLANG_ANALYZER_NUMBER_OBJECT_CONVERSION = YES_AGGRESSIVE;
				CLANG_CXX_LANGUAGE_STANDARD = "gnu++17";
				CLANG_ENABLE_MODULES = YES;
				CLANG_ENABLE_OBJC_ARC = YES;
				CLANG_ENABLE_OBJC_WEAK = YES;
				CLANG_WARN_BLOCK_CAPTURE_AUTORELEASING = YES;
				CLANG_WARN_BOOL_CONVERSION = YES;
				CLANG_WARN_COMMA = YES;
				CLANG_WARN_CONSTANT_CONVERSION = YES;
				CLANG_WARN_DEPRECATED_OBJC_IMPLEMENTATIONS = YES;
				CLANG_WARN_DIRECT_OBJC_ISA_USAGE = YES_ERROR;
				CLANG_WARN_DOCUMENTATION_COMMENTS = YES;
				CLANG_WARN_EMPTY_BODY = YES;
				CLANG_WARN_ENUM_CONVERSION = YES;
				CLANG_WARN_INFINITE_RECURSION = YES;
				CLANG_WARN_INT_CONVERSION = YES;
				CLANG_WARN_NON_LITERAL_NULL_CONVERSION = YES;
				CLANG_WARN_OBJC_IMPLICIT_RETAIN_SELF = YES;
				CLANG_WARN_OBJC_LITERAL_CONVERSION = YES;
				CLANG_WARN_OBJC_ROOT_CLASS = YES_ERROR;
				CLANG_WARN_QUOTED_INCLUDE_IN_FRAMEWORK_HEADER = YES;
				CLANG_WARN_RANGE_LOOP_ANALYSIS = YES;
				CLANG_WARN_STRICT_PROTOTYPES = YES;
				CLANG_WARN_SUSPICIOUS_MOVE = YES;
				CLANG_WARN_UNGUARDED_AVAILABILITY = YES_AGGRESSIVE;
				CLANG_WARN_UNREACHABLE_CODE = YES;
				CLANG_WARN__DUPLICATE_METHOD_MATCH = YES;
				COPY_PHASE_STRIP = NO;
				DEBUG_INFORMATION_FORMAT = "dwarf-with-dsym";
				ENABLE_NS_ASSERTIONS = NO;
				ENABLE_STRICT_OBJC_MSGSEND = YES;
				GCC_C_LANGUAGE_STANDARD = gnu11;
				GCC_NO_COMMON_BLOCKS = YES;
				GCC_WARN_64_TO_32_BIT_CONVERSION = YES;
				GCC_WARN_ABOUT_RETURN_TYPE = YES_ERROR;
				GCC_WARN_UNDECLARED_SELECTOR = YES;
				GCC_WARN_UNINITIALIZED_AUTOS = YES_AGGRESSIVE;
				GCC_WARN_UNUSED_FUNCTION = YES;
				GCC_WARN_UNUSED_VARIABLE = YES;
				IPHONEOS_DEPLOYMENT_TARGET = 15.5;
				MTL_ENABLE_DEBUG_INFO = NO;
				MTL_FAST_MATH = YES;
				SDKROOT = iphoneos;
				SWIFT_COMPILATION_MODE = wholemodule;
				SWIFT_OPTIMIZATION_LEVEL = "-O";
				VALIDATE_PRODUCT = YES;
			};
			name = Release;
		};
		5D5C094928A7C3CA00E132EA /* Debug */ = {
			isa = XCBuildConfiguration;
			buildSettings = {
				ASSETCATALOG_COMPILER_APPICON_NAME = AppIcon;
				ASSETCATALOG_COMPILER_GLOBAL_ACCENT_COLOR_NAME = AccentColor;
				CODE_SIGN_STYLE = Automatic;
				CURRENT_PROJECT_VERSION = 1;
				DEVELOPMENT_ASSET_PATHS = "\"ArknightsGachaSim/Preview Content\"";
				DEVELOPMENT_TEAM = 7H3944AZ8G;
				ENABLE_PREVIEWS = YES;
				GENERATE_INFOPLIST_FILE = YES;
				INFOPLIST_KEY_UIApplicationSceneManifest_Generation = YES;
				INFOPLIST_KEY_UIApplicationSupportsIndirectInputEvents = YES;
				INFOPLIST_KEY_UILaunchScreen_Generation = YES;
				INFOPLIST_KEY_UISupportedInterfaceOrientations_iPad = "UIInterfaceOrientationPortrait UIInterfaceOrientationPortraitUpsideDown UIInterfaceOrientationLandscapeLeft UIInterfaceOrientationLandscapeRight";
				INFOPLIST_KEY_UISupportedInterfaceOrientations_iPhone = "UIInterfaceOrientationPortrait UIInterfaceOrientationLandscapeLeft UIInterfaceOrientationLandscapeRight";
				LD_RUNPATH_SEARCH_PATHS = (
					"$(inherited)",
					"@executable_path/Frameworks",
				);
				MARKETING_VERSION = 1.0;
				PRODUCT_BUNDLE_IDENTIFIER = vn.edu.rmit.tri.ArknightsGachaSim;
				PRODUCT_NAME = "$(TARGET_NAME)";
				SWIFT_EMIT_LOC_STRINGS = YES;
				SWIFT_VERSION = 5.0;
				TARGETED_DEVICE_FAMILY = "1,2";
			};
			name = Debug;
		};
		5D5C094A28A7C3CA00E132EA /* Release */ = {
			isa = XCBuildConfiguration;
			buildSettings = {
				ASSETCATALOG_COMPILER_APPICON_NAME = AppIcon;
				ASSETCATALOG_COMPILER_GLOBAL_ACCENT_COLOR_NAME = AccentColor;
				CODE_SIGN_STYLE = Automatic;
				CURRENT_PROJECT_VERSION = 1;
				DEVELOPMENT_ASSET_PATHS = "\"ArknightsGachaSim/Preview Content\"";
				DEVELOPMENT_TEAM = 7H3944AZ8G;
				ENABLE_PREVIEWS = YES;
				GENERATE_INFOPLIST_FILE = YES;
				INFOPLIST_KEY_UIApplicationSceneManifest_Generation = YES;
				INFOPLIST_KEY_UIApplicationSupportsIndirectInputEvents = YES;
				INFOPLIST_KEY_UILaunchScreen_Generation = YES;
				INFOPLIST_KEY_UISupportedInterfaceOrientations_iPad = "UIInterfaceOrientationPortrait UIInterfaceOrientationPortraitUpsideDown UIInterfaceOrientationLandscapeLeft UIInterfaceOrientationLandscapeRight";
				INFOPLIST_KEY_UISupportedInterfaceOrientations_iPhone = "UIInterfaceOrientationPortrait UIInterfaceOrientationLandscapeLeft UIInterfaceOrientationLandscapeRight";
				LD_RUNPATH_SEARCH_PATHS = (
					"$(inherited)",
					"@executable_path/Frameworks",
				);
				MARKETING_VERSION = 1.0;
				PRODUCT_BUNDLE_IDENTIFIER = vn.edu.rmit.tri.ArknightsGachaSim;
				PRODUCT_NAME = "$(TARGET_NAME)";
				SWIFT_EMIT_LOC_STRINGS = YES;
				SWIFT_VERSION = 5.0;
				TARGETED_DEVICE_FAMILY = "1,2";
			};
			name = Release;
		};
/* End XCBuildConfiguration section */

/* Begin XCConfigurationList section */
		5D5C093528A7C3C800E132EA /* Build configuration list for PBXProject "ArknightsGachaSim" */ = {
			isa = XCConfigurationList;
			buildConfigurations = (
				5D5C094628A7C3CA00E132EA /* Debug */,
				5D5C094728A7C3CA00E132EA /* Release */,
			);
			defaultConfigurationIsVisible = 0;
			defaultConfigurationName = Release;
		};
		5D5C094828A7C3CA00E132EA /* Build configuration list for PBXNativeTarget "ArknightsGachaSim" */ = {
			isa = XCConfigurationList;
			buildConfigurations = (
				5D5C094928A7C3CA00E132EA /* Debug */,
				5D5C094A28A7C3CA00E132EA /* Release */,
			);
			defaultConfigurationIsVisible = 0;
			defaultConfigurationName = Release;
		};
/* End XCConfigurationList section */
	};
	rootObject = 5D5C093228A7C3C800E132EA /* Project object */;
}
